
Microsoft Visual Studio Solution File, Format Version 12.00
# Visual Studio Version 17
VisualStudioVersion = 17.1.32210.238
MinimumVisualStudioVersion = 10.0.40219.1
Project("{FAE04EC0-301F-11D3-BF4B-00C04F79EFBC}") = "Ex04_this", "Ex04_this\Ex04_this.csproj", "{64F77F24-EB43-46A4-95C4-1E4F77F5DAB1}"
EndProject
Project("{FAE04EC0-301F-11D3-BF4B-00C04F79EFBC}") = "Ex03_Inheritance_Composition", "Ex03_\Ex03_Inheritance_Composition.csproj", "{E33C2BA9-9802-4BFE-AD52-F1C4933B7BAC}"
EndProject
Project("{FAE04EC0-301F-11D3-BF4B-00C04F79EFBC}") = "Ex05_override", "Ex05_override\Ex05_override.csproj", "{6EA06A4A-13D4-402A-87FF-43C940FC1334}"
EndProject
Project("{FAE04EC0-301F-11D3-BF4B-00C04F79EFBC}") = "Ex06_try_catch", "Ex06_try_catch\Ex06_try_catch.csproj", "{77FAC966-6807-4D1B-8357-3C2DF155B0FA}"
EndProject
Project("{FAE04EC0-301F-11D3-BF4B-00C04F79EFBC}") = "Ex07_try_catch_finally", "Ex07_try_catch_finally\Ex07_try_catch_finally.csproj", "{2F2375C6-CD51-4075-935A-F9E5A598CB82}"
EndProject
Project("{FAE04EC0-301F-11D3-BF4B-00C04F79EFBC}") = "Ex08_Indexer", "Ex08_Indexer\Ex08_Indexer.csproj", "{3AE8F89E-B5D8-42BB-8A90-0B8E958038E5}"
EndProject
Project("{FAE04EC0-301F-11D3-BF4B-00C04F79EFBC}") = "Ex09_Property_Object_Create", "Ex09_Property_Object_Create\Ex09_Property_Object_Create.csproj", "{CD4BC420-FFA6-41D4-998D-41F50F5DA172}"
EndProject
Project("{FAE04EC0-301F-11D3-BF4B-00C04F79EFBC}") = "Ex10_ToString_Override", "Ex10_ToString_Override\Ex10_ToString_Override.csproj", "{7DFB5839-A404-4F84-A189-E09D00268928}"
EndProject
Project("{FAE04EC0-301F-11D3-BF4B-00C04F79EFBC}") = "Homework", "Homework\Homework.csproj", "{3F0E232B-CA7B-44AC-9A3C-B4B74F957731}"
EndProject
Project("{FAE04EC0-301F-11D3-BF4B-00C04F79EFBC}") = "Ex02_OOP_OverLoading", "Ex02_OOP_OverLoading\Ex02_OOP_OverLoading.csproj", "{8D1F05B8-EA09-4992-8C30-26A35851AE57}"
EndProject
Project("{FAE04EC0-301F-11D3-BF4B-00C04F79EFBC}") = "Ex01_OOP", "Ex01_OOP\Ex01_OOP.csproj", "{25AF8C27-3A30-4A0D-8E95-69A5966557A5}"
EndProject
Project("{FAE04EC0-301F-11D3-BF4B-00C04F79EFBC}") = "Ex11_Poly_Quiz", "Ex11_Poly_Quiz\Ex11_Poly_Quiz.csproj", "{9993041A-DCDE-4A64-940B-80BD4A77B348}"
EndProject
Project("{FAE04EC0-301F-11D3-BF4B-00C04F79EFBC}") = "Ex12_abstract_class", "Ex12_abstract_class\Ex12_abstract_class.csproj", "{F42CCCB7-263E-48B5-9EDB-33C4D8CEBD03}"
EndProject
Project("{FAE04EC0-301F-11D3-BF4B-00C04F79EFBC}") = "Ex13_abstract_class", "Ex13_abstract_class\Ex13_abstract_class.csproj", "{982D4889-F35E-4686-A8C8-B71E0F4497D4}"
EndProject
Project("{FAE04EC0-301F-11D3-BF4B-00C04F79EFBC}") = "Ex14_Interface", "Ex14_Interface\Ex14_Interface.csproj", "{8DF72F10-5D31-4E47-91B3-9DEBAAA815A6}"
EndProject
Project("{FAE04EC0-301F-11D3-BF4B-00C04F79EFBC}") = "Ex15_abstract_Interface", "Ex15_abstract_Interface\Ex15_abstract_Interface.csproj", "{C97F969D-5556-49F6-A0B4-DB174C1EB3BC}"
EndProject
Project("{FAE04EC0-301F-11D3-BF4B-00C04F79EFBC}") = "Ex16_User_Provider", "Ex16_User_Provider\Ex16_User_Provider.csproj", "{1B90B007-5F79-4293-ACC8-33672BDAC6F9}"
EndProject
Global
	GlobalSection(SolutionConfigurationPlatforms) = preSolution
		Debug|Any CPU = Debug|Any CPU
		Release|Any CPU = Release|Any CPU
	EndGlobalSection
	GlobalSection(ProjectConfigurationPlatforms) = postSolution
		{64F77F24-EB43-46A4-95C4-1E4F77F5DAB1}.Debug|Any CPU.ActiveCfg = Debug|Any CPU
		{64F77F24-EB43-46A4-95C4-1E4F77F5DAB1}.Debug|Any CPU.Build.0 = Debug|Any CPU
		{64F77F24-EB43-46A4-95C4-1E4F77F5DAB1}.Release|Any CPU.ActiveCfg = Release|Any CPU
		{64F77F24-EB43-46A4-95C4-1E4F77F5DAB1}.Release|Any CPU.Build.0 = Release|Any CPU
		{E33C2BA9-9802-4BFE-AD52-F1C4933B7BAC}.Debug|Any CPU.ActiveCfg = Debug|Any CPU
		{E33C2BA9-9802-4BFE-AD52-F1C4933B7BAC}.Debug|Any CPU.Build.0 = Debug|Any CPU
		{E33C2BA9-9802-4BFE-AD52-F1C4933B7BAC}.Release|Any CPU.ActiveCfg = Release|Any CPU
		{E33C2BA9-9802-4BFE-AD52-F1C4933B7BAC}.Release|Any CPU.Build.0 = Release|Any CPU
		{6EA06A4A-13D4-402A-87FF-43C940FC1334}.Debug|Any CPU.ActiveCfg = Debug|Any CPU
		{6EA06A4A-13D4-402A-87FF-43C940FC1334}.Debug|Any CPU.Build.0 = Debug|Any CPU
		{6EA06A4A-13D4-402A-87FF-43C940FC1334}.Release|Any CPU.ActiveCfg = Release|Any CPU
		{6EA06A4A-13D4-402A-87FF-43C940FC1334}.Release|Any CPU.Build.0 = Release|Any CPU
		{77FAC966-6807-4D1B-8357-3C2DF155B0FA}.Debug|Any CPU.ActiveCfg = Debug|Any CPU
		{77FAC966-6807-4D1B-8357-3C2DF155B0FA}.Debug|Any CPU.Build.0 = Debug|Any CPU
		{77FAC966-6807-4D1B-8357-3C2DF155B0FA}.Release|Any CPU.ActiveCfg = Release|Any CPU
		{77FAC966-6807-4D1B-8357-3C2DF155B0FA}.Release|Any CPU.Build.0 = Release|Any CPU
		{2F2375C6-CD51-4075-935A-F9E5A598CB82}.Debug|Any CPU.ActiveCfg = Debug|Any CPU
		{2F2375C6-CD51-4075-935A-F9E5A598CB82}.Debug|Any CPU.Build.0 = Debug|Any CPU
		{2F2375C6-CD51-4075-935A-F9E5A598CB82}.Release|Any CPU.ActiveCfg = Release|Any CPU
		{2F2375C6-CD51-4075-935A-F9E5A598CB82}.Release|Any CPU.Build.0 = Release|Any CPU
		{3AE8F89E-B5D8-42BB-8A90-0B8E958038E5}.Debug|Any CPU.ActiveCfg = Debug|Any CPU
		{3AE8F89E-B5D8-42BB-8A90-0B8E958038E5}.Debug|Any CPU.Build.0 = Debug|Any CPU
		{3AE8F89E-B5D8-42BB-8A90-0B8E958038E5}.Release|Any CPU.ActiveCfg = Release|Any CPU
		{3AE8F89E-B5D8-42BB-8A90-0B8E958038E5}.Release|Any CPU.Build.0 = Release|Any CPU
		{CD4BC420-FFA6-41D4-998D-41F50F5DA172}.Debug|Any CPU.ActiveCfg = Debug|Any CPU
		{CD4BC420-FFA6-41D4-998D-41F50F5DA172}.Debug|Any CPU.Build.0 = Debug|Any CPU
		{CD4BC420-FFA6-41D4-998D-41F50F5DA172}.Release|Any CPU.ActiveCfg = Release|Any CPU
		{CD4BC420-FFA6-41D4-998D-41F50F5DA172}.Release|Any CPU.Build.0 = Release|Any CPU
		{7DFB5839-A404-4F84-A189-E09D00268928}.Debug|Any CPU.ActiveCfg = Debug|Any CPU
		{7DFB5839-A404-4F84-A189-E09D00268928}.Debug|Any CPU.Build.0 = Debug|Any CPU
		{7DFB5839-A404-4F84-A189-E09D00268928}.Release|Any CPU.ActiveCfg = Release|Any CPU
		{7DFB5839-A404-4F84-A189-E09D00268928}.Release|Any CPU.Build.0 = Release|Any CPU
		{3F0E232B-CA7B-44AC-9A3C-B4B74F957731}.Debug|Any CPU.ActiveCfg = Debug|Any CPU
		{3F0E232B-CA7B-44AC-9A3C-B4B74F957731}.Debug|Any CPU.Build.0 = Debug|Any CPU
		{3F0E232B-CA7B-44AC-9A3C-B4B74F957731}.Release|Any CPU.ActiveCfg = Release|Any CPU
		{3F0E232B-CA7B-44AC-9A3C-B4B74F957731}.Release|Any CPU.Build.0 = Release|Any CPU
		{8D1F05B8-EA09-4992-8C30-26A35851AE57}.Debug|Any CPU.ActiveCfg = Debug|Any CPU
		{8D1F05B8-EA09-4992-8C30-26A35851AE57}.Debug|Any CPU.Build.0 = Debug|Any CPU
		{8D1F05B8-EA09-4992-8C30-26A35851AE57}.Release|Any CPU.ActiveCfg = Release|Any CPU
		{8D1F05B8-EA09-4992-8C30-26A35851AE57}.Release|Any CPU.Build.0 = Release|Any CPU
		{25AF8C27-3A30-4A0D-8E95-69A5966557A5}.Debug|Any CPU.ActiveCfg = Debug|Any CPU
		{25AF8C27-3A30-4A0D-8E95-69A5966557A5}.Debug|Any CPU.Build.0 = Debug|Any CPU
		{25AF8C27-3A30-4A0D-8E95-69A5966557A5}.Release|Any CPU.ActiveCfg = Release|Any CPU
		{25AF8C27-3A30-4A0D-8E95-69A5966557A5}.Release|Any CPU.Build.0 = Release|Any CPU
		{9993041A-DCDE-4A64-940B-80BD4A77B348}.Debug|Any CPU.ActiveCfg = Debug|Any CPU
		{9993041A-DCDE-4A64-940B-80BD4A77B348}.Debug|Any CPU.Build.0 = Debug|Any CPU
		{9993041A-DCDE-4A64-940B-80BD4A77B348}.Release|Any CPU.ActiveCfg = Release|Any CPU
		{9993041A-DCDE-4A64-940B-80BD4A77B348}.Release|Any CPU.Build.0 = Release|Any CPU
		{F42CCCB7-263E-48B5-9EDB-33C4D8CEBD03}.Debug|Any CPU.ActiveCfg = Debug|Any CPU
		{F42CCCB7-263E-48B5-9EDB-33C4D8CEBD03}.Debug|Any CPU.Build.0 = Debug|Any CPU
		{F42CCCB7-263E-48B5-9EDB-33C4D8CEBD03}.Release|Any CPU.ActiveCfg = Release|Any CPU
		{F42CCCB7-263E-48B5-9EDB-33C4D8CEBD03}.Release|Any CPU.Build.0 = Release|Any CPU
		{982D4889-F35E-4686-A8C8-B71E0F4497D4}.Debug|Any CPU.ActiveCfg = Debug|Any CPU
		{982D4889-F35E-4686-A8C8-B71E0F4497D4}.Debug|Any CPU.Build.0 = Debug|Any CPU
		{982D4889-F35E-4686-A8C8-B71E0F4497D4}.Release|Any CPU.ActiveCfg = Release|Any CPU
		{982D4889-F35E-4686-A8C8-B71E0F4497D4}.Release|Any CPU.Build.0 = Release|Any CPU
		{8DF72F10-5D31-4E47-91B3-9DEBAAA815A6}.Debug|Any CPU.ActiveCfg = Debug|Any CPU
		{8DF72F10-5D31-4E47-91B3-9DEBAAA815A6}.Debug|Any CPU.Build.0 = Debug|Any CPU
		{8DF72F10-5D31-4E47-91B3-9DEBAAA815A6}.Release|Any CPU.ActiveCfg = Release|Any CPU
		{8DF72F10-5D31-4E47-91B3-9DEBAAA815A6}.Release|Any CPU.Build.0 = Release|Any CPU
		{C97F969D-5556-49F6-A0B4-DB174C1EB3BC}.Debug|Any CPU.ActiveCfg = Debug|Any CPU
		{C97F969D-5556-49F6-A0B4-DB174C1EB3BC}.Debug|Any CPU.Build.0 = Debug|Any CPU
		{C97F969D-5556-49F6-A0B4-DB174C1EB3BC}.Release|Any CPU.ActiveCfg = Release|Any CPU
		{C97F969D-5556-49F6-A0B4-DB174C1EB3BC}.Release|Any CPU.Build.0 = Release|Any CPU
		{1B90B007-5F79-4293-ACC8-33672BDAC6F9}.Debug|Any CPU.ActiveCfg = Debug|Any CPU
		{1B90B007-5F79-4293-ACC8-33672BDAC6F9}.Debug|Any CPU.Build.0 = Debug|Any CPU
		{1B90B007-5F79-4293-ACC8-33672BDAC6F9}.Release|Any CPU.ActiveCfg = Release|Any CPU
		{1B90B007-5F79-4293-ACC8-33672BDAC6F9}.Release|Any CPU.Build.0 = Release|Any CPU
	EndGlobalSection
	GlobalSection(SolutionProperties) = preSolution
		HideSolutionNode = FALSE
	EndGlobalSection
	GlobalSection(ExtensibilityGlobals) = postSolution
		SolutionGuid = {B01E8D00-B317-4371-AD8E-A5D3A5AF49EB}
	EndGlobalSection
EndGlobal
